
Microsoft Visual Studio Solution File, Format Version 12.00
# Visual Studio Version 17
VisualStudioVersion = 17.10.35013.160
MinimumVisualStudioVersion = 10.0.40219.1
Project("{9A19103F-16F7-4668-BE54-9A1E7A4F7556}") = "DictionaryEngViet", "DictionaryEngViet\DictionaryEngViet.csproj", "{B6443BFF-92D7-42F8-907B-D2166AF64D49}"
EndProject
Project("{9A19103F-16F7-4668-BE54-9A1E7A4F7556}") = "Entities", "Entities\Entities.csproj", "{884A23EB-9140-423B-8437-0F179A183CF2}"
EndProject
Project("{9A19103F-16F7-4668-BE54-9A1E7A4F7556}") = "Database Connector", "Database Connector\Database Connector.csproj", "{2DFE5899-C96C-4106-8D98-C157599BDE38}"
EndProject
Project("{9A19103F-16F7-4668-BE54-9A1E7A4F7556}") = "BackendApi", "BackendApi\BackendApi.csproj", "{8C9CECB8-4EC6-4704-8737-3DE80AFD7FE8}"
EndProject
Global
	GlobalSection(SolutionConfigurationPlatforms) = preSolution
		Debug|Any CPU = Debug|Any CPU
		Release|Any CPU = Release|Any CPU
	EndGlobalSection
	GlobalSection(ProjectConfigurationPlatforms) = postSolution
		{B6443BFF-92D7-42F8-907B-D2166AF64D49}.Debug|Any CPU.ActiveCfg = Debug|Any CPU
		{B6443BFF-92D7-42F8-907B-D2166AF64D49}.Debug|Any CPU.Build.0 = Debug|Any CPU
		{B6443BFF-92D7-42F8-907B-D2166AF64D49}.Release|Any CPU.ActiveCfg = Release|Any CPU
		{B6443BFF-92D7-42F8-907B-D2166AF64D49}.Release|Any CPU.Build.0 = Release|Any CPU
		{884A23EB-9140-423B-8437-0F179A183CF2}.Debug|Any CPU.ActiveCfg = Debug|Any CPU
		{884A23EB-9140-423B-8437-0F179A183CF2}.Debug|Any CPU.Build.0 = Debug|Any CPU
		{884A23EB-9140-423B-8437-0F179A183CF2}.Release|Any CPU.ActiveCfg = Release|Any CPU
		{884A23EB-9140-423B-8437-0F179A183CF2}.Release|Any CPU.Build.0 = Release|Any CPU
		{2DFE5899-C96C-4106-8D98-C157599BDE38}.Debug|Any CPU.ActiveCfg = Debug|Any CPU
		{2DFE5899-C96C-4106-8D98-C157599BDE38}.Debug|Any CPU.Build.0 = Debug|Any CPU
		{2DFE5899-C96C-4106-8D98-C157599BDE38}.Release|Any CPU.ActiveCfg = Release|Any CPU
		{2DFE5899-C96C-4106-8D98-C157599BDE38}.Release|Any CPU.Build.0 = Release|Any CPU
		{8C9CECB8-4EC6-4704-8737-3DE80AFD7FE8}.Debug|Any CPU.ActiveCfg = Debug|Any CPU
		{8C9CECB8-4EC6-4704-8737-3DE80AFD7FE8}.Debug|Any CPU.Build.0 = Debug|Any CPU
		{8C9CECB8-4EC6-4704-8737-3DE80AFD7FE8}.Release|Any CPU.ActiveCfg = Release|Any CPU
		{8C9CECB8-4EC6-4704-8737-3DE80AFD7FE8}.Release|Any CPU.Build.0 = Release|Any CPU
	EndGlobalSection
	GlobalSection(SolutionProperties) = preSolution
		HideSolutionNode = FALSE
	EndGlobalSection
	GlobalSection(ExtensibilityGlobals) = postSolution
		SolutionGuid = {6ED83320-640E-4ED1-B411-A4E6191E0010}
	EndGlobalSection
EndGlobal
